
Microsoft Visual Studio Solution File, Format Version 12.00
# Visual Studio 15
VisualStudioVersion = 15.0.28010.2041
MinimumVisualStudioVersion = 10.0.40219.1
Project("{FAE04EC0-301F-11D3-BF4B-00C04F79EFBC}") = "ConsoleUI", "ConsoleUI\ConsoleUI.csproj", "{3415A58A-01D9-4240-8AA8-72C3D3A2CEA9}"
EndProject
Project("{FAE04EC0-301F-11D3-BF4B-00C04F79EFBC}") = "TasksDay02", "TasksDay02\TasksDay02.csproj", "{B694684C-B0F7-4904-AA25-4E870F32196C}"
EndProject
Project("{FAE04EC0-301F-11D3-BF4B-00C04F79EFBC}") = "TasksDay02.MSTest", "TasksDay02.MSTest\TasksDay02.MSTest.csproj", "{DD20A351-B55B-408A-BB4D-B97ECF06547C}"
EndProject
Project("{FAE04EC0-301F-11D3-BF4B-00C04F79EFBC}") = "TasksDay02.NUnitTest", "TasksDay02.NUnitTest\TasksDay02.NUnitTest.csproj", "{820D1BE2-1E93-4AD7-98FF-0E67D0F967E2}"
EndProject
Global
	GlobalSection(SolutionConfigurationPlatforms) = preSolution
		Debug|Any CPU = Debug|Any CPU
		Release|Any CPU = Release|Any CPU
	EndGlobalSection
	GlobalSection(ProjectConfigurationPlatforms) = postSolution
		{3415A58A-01D9-4240-8AA8-72C3D3A2CEA9}.Debug|Any CPU.ActiveCfg = Debug|Any CPU
		{3415A58A-01D9-4240-8AA8-72C3D3A2CEA9}.Debug|Any CPU.Build.0 = Debug|Any CPU
		{3415A58A-01D9-4240-8AA8-72C3D3A2CEA9}.Release|Any CPU.ActiveCfg = Release|Any CPU
		{3415A58A-01D9-4240-8AA8-72C3D3A2CEA9}.Release|Any CPU.Build.0 = Release|Any CPU
		{B694684C-B0F7-4904-AA25-4E870F32196C}.Debug|Any CPU.ActiveCfg = Debug|Any CPU
		{B694684C-B0F7-4904-AA25-4E870F32196C}.Debug|Any CPU.Build.0 = Debug|Any CPU
		{B694684C-B0F7-4904-AA25-4E870F32196C}.Release|Any CPU.ActiveCfg = Release|Any CPU
		{B694684C-B0F7-4904-AA25-4E870F32196C}.Release|Any CPU.Build.0 = Release|Any CPU
		{DD20A351-B55B-408A-BB4D-B97ECF06547C}.Debug|Any CPU.ActiveCfg = Debug|Any CPU
		{DD20A351-B55B-408A-BB4D-B97ECF06547C}.Debug|Any CPU.Build.0 = Debug|Any CPU
		{DD20A351-B55B-408A-BB4D-B97ECF06547C}.Release|Any CPU.ActiveCfg = Release|Any CPU
		{DD20A351-B55B-408A-BB4D-B97ECF06547C}.Release|Any CPU.Build.0 = Release|Any CPU
		{820D1BE2-1E93-4AD7-98FF-0E67D0F967E2}.Debug|Any CPU.ActiveCfg = Debug|Any CPU
		{820D1BE2-1E93-4AD7-98FF-0E67D0F967E2}.Debug|Any CPU.Build.0 = Debug|Any CPU
		{820D1BE2-1E93-4AD7-98FF-0E67D0F967E2}.Release|Any CPU.ActiveCfg = Release|Any CPU
		{820D1BE2-1E93-4AD7-98FF-0E67D0F967E2}.Release|Any CPU.Build.0 = Release|Any CPU
	EndGlobalSection
	GlobalSection(SolutionProperties) = preSolution
		HideSolutionNode = FALSE
	EndGlobalSection
	GlobalSection(ExtensibilityGlobals) = postSolution
		SolutionGuid = {6C6C0D51-880A-48AF-B0E8-E706E798E57A}
	EndGlobalSection
EndGlobal
